
Microsoft Visual Studio Solution File, Format Version 12.00
# Visual Studio Version 17
VisualStudioVersion = 17.5.33424.131
MinimumVisualStudioVersion = 10.0.40219.1
Project("{FAE04EC0-301F-11D3-BF4B-00C04F79EFBC}") = "InformacaoDeDadosParaGeracaoDeArquivoTexto", "InformacaoDeDadosParaGeracaoDeArquivoTexto\InformacaoDeDadosParaGeracaoDeArquivoTexto.csproj", "{D949BA98-A9E6-41ED-857F-4E150D654C45}"
EndProject
Global
	GlobalSection(SolutionConfigurationPlatforms) = preSolution
		Debug|Any CPU = Debug|Any CPU
		Release|Any CPU = Release|Any CPU
	EndGlobalSection
	GlobalSection(ProjectConfigurationPlatforms) = postSolution
		{D949BA98-A9E6-41ED-857F-4E150D654C45}.Debug|Any CPU.ActiveCfg = Debug|Any CPU
		{D949BA98-A9E6-41ED-857F-4E150D654C45}.Debug|Any CPU.Build.0 = Debug|Any CPU
		{D949BA98-A9E6-41ED-857F-4E150D654C45}.Release|Any CPU.ActiveCfg = Release|Any CPU
		{D949BA98-A9E6-41ED-857F-4E150D654C45}.Release|Any CPU.Build.0 = Release|Any CPU
	EndGlobalSection
	GlobalSection(SolutionProperties) = preSolution
		HideSolutionNode = FALSE
	EndGlobalSection
	GlobalSection(ExtensibilityGlobals) = postSolution
		SolutionGuid = {F8BAB8B9-1023-4BC2-8FB2-9392AC3D5474}
	EndGlobalSection
EndGlobal
